{
  "requires": true,
  "lockfileVersion": 1,
  "dependencies": {
    "react-simple-keyboard": {
      "version": "2.5.97",
      "resolved": "https://registry.npmjs.org/react-simple-keyboard/-/react-simple-keyboard-2.5.97.tgz",
      "integrity": "sha512-zWkHU/tlwWSvr0faUAvfvt81m/jYI9FkqHbxcVImR29zAIcAxNmjQ9L1VI8TlIju/iE1J1GlvY148fXAiLB0OQ=="
    }
  }
}
